
Microsoft Visual Studio Solution File, Format Version 12.00
# Visual Studio Version 16
VisualStudioVersion = 16.0.31005.135
MinimumVisualStudioVersion = 10.0.40219.1
Project("{FAE04EC0-301F-11D3-BF4B-00C04F79EFBC}") = "pz2", "pz2\pz2.csproj", "{120FF71B-B5CC-4B5C-A5DF-0489BAB8B0FA}"
EndProject
Global
	GlobalSection(SolutionConfigurationPlatforms) = preSolution
		Debug|Any CPU = Debug|Any CPU
		Release|Any CPU = Release|Any CPU
	EndGlobalSection
	GlobalSection(ProjectConfigurationPlatforms) = postSolution
		{120FF71B-B5CC-4B5C-A5DF-0489BAB8B0FA}.Debug|Any CPU.ActiveCfg = Debug|Any CPU
		{120FF71B-B5CC-4B5C-A5DF-0489BAB8B0FA}.Debug|Any CPU.Build.0 = Debug|Any CPU
		{120FF71B-B5CC-4B5C-A5DF-0489BAB8B0FA}.Release|Any CPU.ActiveCfg = Release|Any CPU
		{120FF71B-B5CC-4B5C-A5DF-0489BAB8B0FA}.Release|Any CPU.Build.0 = Release|Any CPU
	EndGlobalSection
	GlobalSection(SolutionProperties) = preSolution
		HideSolutionNode = FALSE
	EndGlobalSection
	GlobalSection(ExtensibilityGlobals) = postSolution
		SolutionGuid = {96F99874-1B78-45AB-8BB1-2CA846486BDA}
	EndGlobalSection
EndGlobal
